
Microsoft Visual Studio Solution File, Format Version 12.00
# Visual Studio Version 16
VisualStudioVersion = 16.0.30225.117
MinimumVisualStudioVersion = 10.0.40219.1
Project("{FAE04EC0-301F-11D3-BF4B-00C04F79EFBC}") = "simpleinterest", "simpleinterest\simpleinterest.csproj", "{3A294D4B-8744-4993-9F6D-7A72F0FA65FD}"
EndProject
Global
	GlobalSection(SolutionConfigurationPlatforms) = preSolution
		Debug|Any CPU = Debug|Any CPU
		Release|Any CPU = Release|Any CPU
	EndGlobalSection
	GlobalSection(ProjectConfigurationPlatforms) = postSolution
		{3A294D4B-8744-4993-9F6D-7A72F0FA65FD}.Debug|Any CPU.ActiveCfg = Debug|Any CPU
		{3A294D4B-8744-4993-9F6D-7A72F0FA65FD}.Debug|Any CPU.Build.0 = Debug|Any CPU
		{3A294D4B-8744-4993-9F6D-7A72F0FA65FD}.Release|Any CPU.ActiveCfg = Release|Any CPU
		{3A294D4B-8744-4993-9F6D-7A72F0FA65FD}.Release|Any CPU.Build.0 = Release|Any CPU
	EndGlobalSection
	GlobalSection(SolutionProperties) = preSolution
		HideSolutionNode = FALSE
	EndGlobalSection
	GlobalSection(ExtensibilityGlobals) = postSolution
		SolutionGuid = {0E7348DA-C0C9-4707-B7FE-6B0B4CE7AD22}
	EndGlobalSection
EndGlobal
