
Microsoft Visual Studio Solution File, Format Version 12.00
# Visual Studio 15
VisualStudioVersion = 15.0.28307.1401
MinimumVisualStudioVersion = 10.0.40219.1
Project("{FAE04EC0-301F-11D3-BF4B-00C04F79EFBC}") = "WebApplication12", "WebApplication12\WebApplication12.csproj", "{A1A55CC5-B0F1-45A0-AF48-C56AB7A1B581}"
EndProject
Global
	GlobalSection(SolutionConfigurationPlatforms) = preSolution
		Debug|Any CPU = Debug|Any CPU
		Release|Any CPU = Release|Any CPU
	EndGlobalSection
	GlobalSection(ProjectConfigurationPlatforms) = postSolution
		{A1A55CC5-B0F1-45A0-AF48-C56AB7A1B581}.Debug|Any CPU.ActiveCfg = Debug|Any CPU
		{A1A55CC5-B0F1-45A0-AF48-C56AB7A1B581}.Debug|Any CPU.Build.0 = Debug|Any CPU
		{A1A55CC5-B0F1-45A0-AF48-C56AB7A1B581}.Release|Any CPU.ActiveCfg = Release|Any CPU
		{A1A55CC5-B0F1-45A0-AF48-C56AB7A1B581}.Release|Any CPU.Build.0 = Release|Any CPU
	EndGlobalSection
	GlobalSection(SolutionProperties) = preSolution
		HideSolutionNode = FALSE
	EndGlobalSection
	GlobalSection(ExtensibilityGlobals) = postSolution
		SolutionGuid = {410F8FF2-39E3-4395-A24F-AC287AC3496B}
	EndGlobalSection
EndGlobal
