
Microsoft Visual Studio Solution File, Format Version 12.00
# Visual Studio 15
VisualStudioVersion = 15.0.28307.1401
MinimumVisualStudioVersion = 10.0.40219.1
Project("{FAE04EC0-301F-11D3-BF4B-00C04F79EFBC}") = "WebApplication2", "WebApplication2\WebApplication2.csproj", "{597EA9F6-B214-4B3D-A79A-37C02ED660F8}"
EndProject
Global
	GlobalSection(SolutionConfigurationPlatforms) = preSolution
		Debug|Any CPU = Debug|Any CPU
		Release|Any CPU = Release|Any CPU
	EndGlobalSection
	GlobalSection(ProjectConfigurationPlatforms) = postSolution
		{597EA9F6-B214-4B3D-A79A-37C02ED660F8}.Debug|Any CPU.ActiveCfg = Debug|Any CPU
		{597EA9F6-B214-4B3D-A79A-37C02ED660F8}.Debug|Any CPU.Build.0 = Debug|Any CPU
		{597EA9F6-B214-4B3D-A79A-37C02ED660F8}.Release|Any CPU.ActiveCfg = Release|Any CPU
		{597EA9F6-B214-4B3D-A79A-37C02ED660F8}.Release|Any CPU.Build.0 = Release|Any CPU
	EndGlobalSection
	GlobalSection(SolutionProperties) = preSolution
		HideSolutionNode = FALSE
	EndGlobalSection
	GlobalSection(ExtensibilityGlobals) = postSolution
		SolutionGuid = {F344CEE1-F84F-4264-B754-7AA131636CFE}
	EndGlobalSection
EndGlobal
